
Microsoft Visual Studio Solution File, Format Version 12.00
# Visual Studio Version 17
VisualStudioVersion = 17.14.36301.6 d17.14
MinimumVisualStudioVersion = 10.0.40219.1
Project("{FAE04EC0-301F-11D3-BF4B-00C04F79EFBC}") = "ManageEmployeeWeb", "ManageEmployeeWeb.csproj", "{39DFC647-ABCF-7D8E-1EE8-E444A94AB08B}"
EndProject
Global
	GlobalSection(SolutionConfigurationPlatforms) = preSolution
		Debug|Any CPU = Debug|Any CPU
		Release|Any CPU = Release|Any CPU
	EndGlobalSection
	GlobalSection(ProjectConfigurationPlatforms) = postSolution
		{39DFC647-ABCF-7D8E-1EE8-E444A94AB08B}.Debug|Any CPU.ActiveCfg = Debug|Any CPU
		{39DFC647-ABCF-7D8E-1EE8-E444A94AB08B}.Debug|Any CPU.Build.0 = Debug|Any CPU
		{39DFC647-ABCF-7D8E-1EE8-E444A94AB08B}.Release|Any CPU.ActiveCfg = Release|Any CPU
		{39DFC647-ABCF-7D8E-1EE8-E444A94AB08B}.Release|Any CPU.Build.0 = Release|Any CPU
	EndGlobalSection
	GlobalSection(SolutionProperties) = preSolution
		HideSolutionNode = FALSE
	EndGlobalSection
	GlobalSection(ExtensibilityGlobals) = postSolution
		SolutionGuid = {3DE36C2B-6B72-48DE-BBC6-114AED816D09}
	EndGlobalSection
EndGlobal
